
Microsoft Visual Studio Solution File, Format Version 12.00
# Visual Studio Version 17
VisualStudioVersion = 17.14.36518.9 d17.14
MinimumVisualStudioVersion = 10.0.40219.1
Project("{FAE04EC0-301F-11D3-BF4B-00C04F79EFBC}") = "ConsoleApp1", "ConsoleApp1.csproj", "{4EF463A3-26D3-462A-8FBB-04A9BC763A8C}"
EndProject
Global
	GlobalSection(SolutionConfigurationPlatforms) = preSolution
		Debug|Any CPU = Debug|Any CPU
		Release|Any CPU = Release|Any CPU
	EndGlobalSection
	GlobalSection(ProjectConfigurationPlatforms) = postSolution
		{4EF463A3-26D3-462A-8FBB-04A9BC763A8C}.Debug|Any CPU.ActiveCfg = Debug|Any CPU
		{4EF463A3-26D3-462A-8FBB-04A9BC763A8C}.Debug|Any CPU.Build.0 = Debug|Any CPU
		{4EF463A3-26D3-462A-8FBB-04A9BC763A8C}.Release|Any CPU.ActiveCfg = Release|Any CPU
		{4EF463A3-26D3-462A-8FBB-04A9BC763A8C}.Release|Any CPU.Build.0 = Release|Any CPU
	EndGlobalSection
	GlobalSection(SolutionProperties) = preSolution
		HideSolutionNode = FALSE
	EndGlobalSection
	GlobalSection(ExtensibilityGlobals) = postSolution
		SolutionGuid = {BB59D146-EAE3-4974-A159-3DD92E4C6A1A}
	EndGlobalSection
EndGlobal
